
Microsoft Visual Studio Solution File, Format Version 12.00
# Visual Studio 16
Project("{FAE04EC0-301F-11D3-BF4B-00C04F79EFBC}") = "Assembly-CSharp", "Assembly-CSharp.csproj", "{0C8F6917-3068-CF62-8B4A-EE5E54DE9A5B}"
EndProject
Project("{FAE04EC0-301F-11D3-BF4B-00C04F79EFBC}") = "Assembly-CSharp-Editor", "Assembly-CSharp-Editor.csproj", "{E3D01D0E-599C-D994-A751-4EDFD3F6F44F}"
EndProject
Global
	GlobalSection(SolutionConfigurationPlatforms) = preSolution
		Debug|Any CPU = Debug|Any CPU
		Release|Any CPU = Release|Any CPU
	EndGlobalSection
	GlobalSection(ProjectConfigurationPlatforms) = postSolution
		{0C8F6917-3068-CF62-8B4A-EE5E54DE9A5B}.Debug|Any CPU.ActiveCfg = Debug|Any CPU
		{0C8F6917-3068-CF62-8B4A-EE5E54DE9A5B}.Debug|Any CPU.Build.0 = Debug|Any CPU
		{0C8F6917-3068-CF62-8B4A-EE5E54DE9A5B}.Release|Any CPU.ActiveCfg = Release|Any CPU
		{0C8F6917-3068-CF62-8B4A-EE5E54DE9A5B}.Release|Any CPU.Build.0 = Release|Any CPU
		{E3D01D0E-599C-D994-A751-4EDFD3F6F44F}.Debug|Any CPU.ActiveCfg = Debug|Any CPU
		{E3D01D0E-599C-D994-A751-4EDFD3F6F44F}.Debug|Any CPU.Build.0 = Debug|Any CPU
		{E3D01D0E-599C-D994-A751-4EDFD3F6F44F}.Release|Any CPU.ActiveCfg = Release|Any CPU
		{E3D01D0E-599C-D994-A751-4EDFD3F6F44F}.Release|Any CPU.Build.0 = Release|Any CPU
	EndGlobalSection
	GlobalSection(SolutionProperties) = preSolution
		HideSolutionNode = FALSE
	EndGlobalSection
EndGlobal
