
Microsoft Visual Studio Solution File, Format Version 12.00
# Visual Studio 15
Project("{FAE04EC0-301F-11D3-BF4B-00C04F79EFBC}") = "Assembly-CSharp", "Assembly-CSharp.csproj", "{4C048E06-DA2D-B672-DE99-1FD86CF939F7}"
EndProject
Project("{FAE04EC0-301F-11D3-BF4B-00C04F79EFBC}") = "Assembly-CSharp-Editor", "Assembly-CSharp-Editor.csproj", "{F2794DF3-3233-5DB6-77D0-7886F02CA26C}"
EndProject
Global
	GlobalSection(SolutionConfigurationPlatforms) = preSolution
		Debug|Any CPU = Debug|Any CPU
		Release|Any CPU = Release|Any CPU
	EndGlobalSection
	GlobalSection(ProjectConfigurationPlatforms) = postSolution
		{4C048E06-DA2D-B672-DE99-1FD86CF939F7}.Debug|Any CPU.ActiveCfg = Debug|Any CPU
		{4C048E06-DA2D-B672-DE99-1FD86CF939F7}.Debug|Any CPU.Build.0 = Debug|Any CPU
		{4C048E06-DA2D-B672-DE99-1FD86CF939F7}.Release|Any CPU.ActiveCfg = Release|Any CPU
		{4C048E06-DA2D-B672-DE99-1FD86CF939F7}.Release|Any CPU.Build.0 = Release|Any CPU
		{F2794DF3-3233-5DB6-77D0-7886F02CA26C}.Debug|Any CPU.ActiveCfg = Debug|Any CPU
		{F2794DF3-3233-5DB6-77D0-7886F02CA26C}.Debug|Any CPU.Build.0 = Debug|Any CPU
		{F2794DF3-3233-5DB6-77D0-7886F02CA26C}.Release|Any CPU.ActiveCfg = Release|Any CPU
		{F2794DF3-3233-5DB6-77D0-7886F02CA26C}.Release|Any CPU.Build.0 = Release|Any CPU
	EndGlobalSection
	GlobalSection(SolutionProperties) = preSolution
		HideSolutionNode = FALSE
	EndGlobalSection
EndGlobal
